
Microsoft Visual Studio Solution File, Format Version 12.00
# Visual Studio Version 17
VisualStudioVersion = 17.3.32929.385
MinimumVisualStudioVersion = 10.0.40219.1
Project("{FAE04EC0-301F-11D3-BF4B-00C04F79EFBC}") = "Stacks_And_Queues", "Stacks_And_Queues\Stacks_And_Queues.csproj", "{0FB51A45-F2A6-4561-8F35-C52E58D80FCB}"
EndProject
Global
	GlobalSection(SolutionConfigurationPlatforms) = preSolution
		Debug|Any CPU = Debug|Any CPU
		Release|Any CPU = Release|Any CPU
	EndGlobalSection
	GlobalSection(ProjectConfigurationPlatforms) = postSolution
		{0FB51A45-F2A6-4561-8F35-C52E58D80FCB}.Debug|Any CPU.ActiveCfg = Debug|Any CPU
		{0FB51A45-F2A6-4561-8F35-C52E58D80FCB}.Debug|Any CPU.Build.0 = Debug|Any CPU
		{0FB51A45-F2A6-4561-8F35-C52E58D80FCB}.Release|Any CPU.ActiveCfg = Release|Any CPU
		{0FB51A45-F2A6-4561-8F35-C52E58D80FCB}.Release|Any CPU.Build.0 = Release|Any CPU
	EndGlobalSection
	GlobalSection(SolutionProperties) = preSolution
		HideSolutionNode = FALSE
	EndGlobalSection
	GlobalSection(ExtensibilityGlobals) = postSolution
		SolutionGuid = {743685FE-AFFE-4E6E-BC54-9B620F8C0CD5}
	EndGlobalSection
EndGlobal
